{
    "_meta": {
        "hash": {
            "sha256": "f14e91cd859897bae07d3cb07b6392c824f0cbc9b50a35f2035ee1a1c8f5d4dd"
        },
        "pipfile-spec": 6,
        "requires": {
            "python_version": "3.8"
        },
        "sources": [
            {
                "name": "pypi",
                "url": "https://pypi.org/simple",
                "verify_ssl": true
            }
        ]
    },
    "default": {
        "adafruit-dht": {
            "hashes": [
                "sha256:e927f2232eff5335cb9d8a2cca6dcad4625e61f205b12e31ef04198ea6dec830"
            ],
            "index": "pypi",
            "version": "==1.4.0"
        }
    },
    "develop": {}
}
